// !$*UTF8*$!
{
	archiveVersion = 1;
	classes = {
	};
	objectVersion = 46;
	objects = {

/* Begin PBXBuildFile section */
		234305551E8B9487001FB288 /* AppDelegate.swift in Sources */ = {isa = PBXBuildFile; fileRef = 234305541E8B9487001FB288 /* AppDelegate.swift */; };
		234305571E8B9487001FB288 /* ViewController.swift in Sources */ = {isa = PBXBuildFile; fileRef = 234305561E8B9487001FB288 /* ViewController.swift */; };
		2343055A1E8B9487001FB288 /* Main.storyboard in Resources */ = {isa = PBXBuildFile; fileRef = 234305581E8B9487001FB288 /* Main.storyboard */; };
		2343055C1E8B9487001FB288 /* Assets.xcassets in Resources */ = {isa = PBXBuildFile; fileRef = 2343055B1E8B9487001FB288 /* Assets.xcassets */; };
		2343055F1E8B9487001FB288 /* LaunchScreen.storyboard in Resources */ = {isa = PBXBuildFile; fileRef = 2343055D1E8B9487001FB288 /* LaunchScreen.storyboard */; };
/* End PBXBuildFile section */

/* Begin PBXFileReference section */
		234305511E8B9487001FB288 /* KandyIOS.app */ = {isa = PBXFileReference; explicitFileType = wrapper.application; includeInIndex = 0; path = KandyIOS.app; sourceTree = BUILT_PRODUCTS_DIR; };
		234305541E8B9487001FB288 /* AppDelegate.swift */ = {isa = PBXFileReference; lastKnownFileType = sourcecode.swift; path = AppDelegate.swift; sourceTree = "<group>"; };
		234305561E8B9487001FB288 /* ViewController.swift */ = {isa = PBXFileReference; lastKnownFileType = sourcecode.swift; path = ViewController.swift; sourceTree = "<group>"; };
		234305591E8B9487001FB288 /* Base */ = {isa = PBXFileReference; lastKnownFileType = file.storyboard; name = Base; path = Base.lproj/Main.storyboard; sourceTree = "<group>"; };
		2343055B1E8B9487001FB288 /* Assets.xcassets */ = {isa = PBXFileReference; lastKnownFileType = folder.assetcatalog; path = Assets.xcassets; sourceTree = "<group>"; };
		2343055E1E8B9487001FB288 /* Base */ = {isa = PBXFileReference; lastKnownFileType = file.storyboard; name = Base; path = Base.lproj/LaunchScreen.storyboard; sourceTree = "<group>"; };
		234305601E8B9487001FB288 /* Info.plist */ = {isa = PBXFileReference; lastKnownFileType = text.plist.xml; path = Info.plist; sourceTree = "<group>"; };
/* End PBXFileReference section */

/* Begin PBXFrameworksBuildPhase section */
		2343054E1E8B9486001FB288 /* Frameworks */ = {
			isa = PBXFrameworksBuildPhase;
			buildActionMask = 2147483647;
			files = (
			);
			runOnlyForDeploymentPostprocessing = 0;
		};
/* End PBXFrameworksBuildPhase section */

/* Begin PBXGroup section */
		234305481E8B9486001FB288 = {
			isa = PBXGroup;
			children = (
				234305531E8B9487001FB288 /* KandyIOS */,
				234305521E8B9487001FB288 /* Products */,
			);
			sourceTree = "<group>";
		};
		234305521E8B9487001FB288 /* Products */ = {
			isa = PBXGroup;
			children = (
				234305511E8B9487001FB288 /* KandyIOS.app */,
			);
			name = Products;
			sourceTree = "<group>";
		};
		234305531E8B9487001FB288 /* KandyIOS */ = {
			isa = PBXGroup;
			children = (
				234305541E8B9487001FB288 /* AppDelegate.swift */,
				234305561E8B9487001FB288 /* ViewController.swift */,
				234305581E8B9487001FB288 /* Main.storyboard */,
				2343055B1E8B9487001FB288 /* Assets.xcassets */,
				2343055D1E8B9487001FB288 /* LaunchScreen.storyboard */,
				234305601E8B9487001FB288 /* Info.plist */,
			);
			path = KandyIOS;
			sourceTree = "<group>";
		};
/* End PBXGroup section */

/* Begin PBXNativeTarget section */
		234305501E8B9486001FB288 /* KandyIOS */ = {
			isa = PBXNativeTarget;
			buildConfigurationList = 234305631E8B9487001FB288 /* Build configuration list for PBXNativeTarget "KandyIOS" */;
			buildPhases = (
				2343054D1E8B9486001FB288 /* Sources */,
				2343054E1E8B9486001FB288 /* Frameworks */,
				2343054F1E8B9486001FB288 /* Resources */,
			);
			buildRules = (
			);
			dependencies = (
			);
			name = KandyIOS;
			productName = KandyIOS;
			productReference = 234305511E8B9487001FB288 /* KandyIOS.app */;
			productType = "com.apple.product-type.application";
		};
/* End PBXNativeTarget section */

/* Begin PBXProject section */
		234305491E8B9486001FB288 /* Project object */ = {
			isa = PBXProject;
			attributes = {
				LastSwiftUpdateCheck = 0820;
				LastUpgradeCheck = 0820;
				ORGANIZATIONNAME = "SAI PRASAD";
				TargetAttributes = {
					234305501E8B9486001FB288 = {
						CreatedOnToolsVersion = 8.2.1;
						ProvisioningStyle = Automatic;
					};
				};
			};
			buildConfigurationList = 2343054C1E8B9486001FB288 /* Build configuration list for PBXProject "KandyIOS" */;
			compatibilityVersion = "Xcode 3.2";
			developmentRegion = English;
			hasScannedForEncodings = 0;
			knownRegions = (
				en,
				Base,
			);
			mainGroup = 234305481E8B9486001FB288;
			productRefGroup = 234305521E8B9487001FB288 /* Products */;
			projectDirPath = "";
			projectRoot = "";
			targets = (
				234305501E8B9486001FB288 /* KandyIOS */,
			);
		};
/* End PBXProject section */

/* Begin PBXResourcesBuildPhase section */
		2343054F1E8B9486001FB288 /* Resources */ = {
			isa = PBXResourcesBuildPhase;
			buildActionMask = 2147483647;
			files = (
				2343055F1E8B9487001FB288 /* LaunchScreen.storyboard in Resources */,
				2343055C1E8B9487001FB288 /* Assets.xcassets in Resources */,
				2343055A1E8B9487001FB288 /* Main.storyboard in Resources */,
			);
			runOnlyForDeploymentPostprocessing = 0;
		};
/* End PBXResourcesBuildPhase section */

/* Begin PBXSourcesBuildPhase section */
		2343054D1E8B9486001FB288 /* Sources */ = {
			isa = PBXSourcesBuildPhase;
			buildActionMask = 2147483647;
			files = (
				234305571E8B9487001FB288 /* ViewController.swift in Sources */,
				234305551E8B9487001FB288 /* AppDelegate.swift in Sources */,
			);
			runOnlyForDeploymentPostprocessing = 0;
		};
/* End PBXSourcesBuildPhase section */

/* Begin PBXVariantGroup section */
		234305581E8B9487001FB288 /* Main.storyboard */ = {
			isa = PBXVariantGroup;
			children = (
				234305591E8B9487001FB288 /* Base */,
			);
			name = Main.storyboard;
			sourceTree = "<group>";
		};
		2343055D1E8B9487001FB288 /* LaunchScreen.storyboard */ = {
			isa = PBXVariantGroup;
			children = (
				2343055E1E8B9487001FB288 /* Base */,
			);
			name = LaunchScreen.storyboard;
			sourceTree = "<group>";
		};
/* End PBXVariantGroup section */

/* Begin XCBuildConfiguration section */
		234305611E8B9487001FB288 /* Debug */ = {
			isa = XCBuildConfiguration;
			buildSettings = {
				ALWAYS_SEARCH_USER_PATHS = NO;
				CLANG_ANALYZER_NONNULL = YES;
				CLANG_CXX_LANGUAGE_STANDARD = "gnu++0x";
				CLANG_CXX_LIBRARY = "libc++";
				CLANG_ENABLE_MODULES = YES;
				CLANG_ENABLE_OBJC_ARC = YES;
				CLANG_WARN_BOOL_CONVERSION = YES;
				CLANG_WARN_CONSTANT_CONVERSION = YES;
				CLANG_WARN_DIRECT_OBJC_ISA_USAGE = YES_ERROR;
				CLANG_WARN_DOCUMENTATION_COMMENTS = YES;
				CLANG_WARN_EMPTY_BODY = YES;
				CLANG_WARN_ENUM_CONVERSION = YES;
				CLANG_WARN_INFINITE_RECURSION = YES;
				CLANG_WARN_INT_CONVERSION = YES;
				CLANG_WARN_OBJC_ROOT_CLASS = YES_ERROR;
				CLANG_WARN_SUSPICIOUS_MOVE = YES;
				CLANG_WARN_UNREACHABLE_CODE = YES;
				CLANG_WARN__DUPLICATE_METHOD_MATCH = YES;
				"CODE_SIGN_IDENTITY[sdk=iphoneos*]" = "iPhone Developer";
				COPY_PHASE_STRIP = NO;
				DEBUG_INFORMATION_FORMAT = dwarf;
				ENABLE_STRICT_OBJC_MSGSEND = YES;
				ENABLE_TESTABILITY = YES;
				GCC_C_LANGUAGE_STANDARD = gnu99;
				GCC_DYNAMIC_NO_PIC = NO;
				GCC_NO_COMMON_BLOCKS = YES;
				GCC_OPTIMIZATION_LEVEL = 0;
				GCC_PREPROCESSOR_DEFINITIONS = (
					"DEBUG=1",
					"$(inherited)",
				);
				GCC_WARN_64_TO_32_BIT_CONVERSION = YES;
				GCC_WARN_ABOUT_RETURN_TYPE = YES_ERROR;
				GCC_WARN_UNDECLARED_SELECTOR = YES;
				GCC_WARN_UNINITIALIZED_AUTOS = YES_AGGRESSIVE;
				GCC_WARN_UNUSED_FUNCTION = YES;
				GCC_WARN_UNUSED_VARIABLE = YES;
				IPHONEOS_DEPLOYMENT_TARGET = 10.2;
				MTL_ENABLE_DEBUG_INFO = YES;
				ONLY_ACTIVE_ARCH = YES;
				SDKROOT = iphoneos;
				SWIFT_ACTIVE_COMPILATION_CONDITIONS = DEBUG;
				SWIFT_OPTIMIZATION_LEVEL = "-Onone";
				TARGETED_DEVICE_FAMILY = "1,2";
			};
			name = Debug;
		};
		234305621E8B9487001FB288 /* Release */ = {
			isa = XCBuildConfiguration;
			buildSettings = {
				ALWAYS_SEARCH_USER_PATHS = NO;
				CLANG_ANALYZER_NONNULL = YES;
				CLANG_CXX_LANGUAGE_STANDARD = "gnu++0x";
				CLANG_CXX_LIBRARY = "libc++";
				CLANG_ENABLE_MODULES = YES;
				CLANG_ENABLE_OBJC_ARC = YES;
				CLANG_WARN_BOOL_CONVERSION = YES;
				CLANG_WARN_CONSTANT_CONVERSION = YES;
				CLANG_WARN_DIRECT_OBJC_ISA_USAGE = YES_ERROR;
				CLANG_WARN_DOCUMENTATION_COMMENTS = YES;
				CLANG_WARN_EMPTY_BODY = YES;
				CLANG_WARN_ENUM_CONVERSION = YES;
				CLANG_WARN_INFINITE_RECURSION = YES;
				CLANG_WARN_INT_CONVERSION = YES;
				CLANG_WARN_OBJC_ROOT_CLASS = YES_ERROR;
				CLANG_WARN_SUSPICIOUS_MOVE = YES;
				CLANG_WARN_UNREACHABLE_CODE = YES;
				CLANG_WARN__DUPLICATE_METHOD_MATCH = YES;
				"CODE_SIGN_IDENTITY[sdk=iphoneos*]" = "iPhone Developer";
				COPY_PHASE_STRIP = NO;
				DEBUG_INFORMATION_FORMAT = "dwarf-with-dsym";
				ENABLE_NS_ASSERTIONS = NO;
				ENABLE_STRICT_OBJC_MSGSEND = YES;
				GCC_C_LANGUAGE_STANDARD = gnu99;
				GCC_NO_COMMON_BLOCKS = YES;
				GCC_WARN_64_TO_32_BIT_CONVERSION = YES;
				GCC_WARN_ABOUT_RETURN_TYPE = YES_ERROR;
				GCC_WARN_UNDECLARED_SELECTOR = YES;
				GCC_WARN_UNINITIALIZED_AUTOS = YES_AGGRESSIVE;
				GCC_WARN_UNUSED_FUNCTION = YES;
				GCC_WARN_UNUSED_VARIABLE = YES;
				IPHONEOS_DEPLOYMENT_TARGET = 10.2;
				MTL_ENABLE_DEBUG_INFO = NO;
				SDKROOT = iphoneos;
				SWIFT_OPTIMIZATION_LEVEL = "-Owholemodule";
				TARGETED_DEVICE_FAMILY = "1,2";
				VALIDATE_PRODUCT = YES;
			};
			name = Release;
		};
		234305641E8B9487001FB288 /* Debug */ = {
			isa = XCBuildConfiguration;
			buildSettings = {
				ASSETCATALOG_COMPILER_APPICON_NAME = AppIcon;
				INFOPLIST_FILE = KandyIOS/Info.plist;
				LD_RUNPATH_SEARCH_PATHS = "$(inherited) @executable_path/Frameworks";
				PRODUCT_BUNDLE_IDENTIFIER = tk.saiprasad.KandyIOS;
				PRODUCT_NAME = "$(TARGET_NAME)";
				SWIFT_VERSION = 3.0;
			};
			name = Debug;
		};
		234305651E8B9487001FB288 /* Release */ = {
			isa = XCBuildConfiguration;
			buildSettings = {
				ASSETCATALOG_COMPILER_APPICON_NAME = AppIcon;
				INFOPLIST_FILE = KandyIOS/Info.plist;
				LD_RUNPATH_SEARCH_PATHS = "$(inherited) @executable_path/Frameworks";
				PRODUCT_BUNDLE_IDENTIFIER = tk.saiprasad.KandyIOS;
				PRODUCT_NAME = "$(TARGET_NAME)";
				SWIFT_VERSION = 3.0;
			};
			name = Release;
		};
/* End XCBuildConfiguration section */

/* Begin XCConfigurationList section */
		2343054C1E8B9486001FB288 /* Build configuration list for PBXProject "KandyIOS" */ = {
			isa = XCConfigurationList;
			buildConfigurations = (
				234305611E8B9487001FB288 /* Debug */,
				234305621E8B9487001FB288 /* Release */,
			);
			defaultConfigurationIsVisible = 0;
			defaultConfigurationName = Release;
		};
		234305631E8B9487001FB288 /* Build configuration list for PBXNativeTarget "KandyIOS" */ = {
			isa = XCConfigurationList;
			buildConfigurations = (
				234305641E8B9487001FB288 /* Debug */,
				234305651E8B9487001FB288 /* Release */,
			);
			defaultConfigurationIsVisible = 0;
		};
/* End XCConfigurationList section */
	};
	rootObject = 234305491E8B9486001FB288 /* Project object */;
}
